PODS:
  - AdBrixRemastered (1.6.5330)
  - adbrixrm_flutter (1.1.0):
    - AdBrixRemastered
    - Flutter
  - Flutter (1.0.0)

DEPENDENCIES:
  - adbrixrm_flutter (from `.symlinks/plugins/adbrixrm_flutter/ios`)
  - Flutter (from `Flutter`)

SPEC REPOS:
  trunk:
    - AdBrixRemastered

EXTERNAL SOURCES:
  adbrixrm_flutter:
    :path: ".symlinks/plugins/adbrixrm_flutter/ios"
  Flutter:
    :path: Flutter

SPEC CHECKSUMS:
  AdBrixRemastered: 5fb1c9879f45d688cb27e7124971bdd3da8cb0c7
  adbrixrm_flutter: 1e930a3e29364d1462042813f1925134b1720a32
  Flutter: 0e3d915762c693b495b44d77113d4970485de6ec

PODFILE CHECKSUM: aafe91acc616949ddb318b77800a7f51bffa2a4c

COCOAPODS: 1.10.0
