PODS:
  - AdBrixRemastered (1.6.5400)
  - adbrixrm_flutter (1.2.1):
    - AdBrixRemastered
    - Flutter
  - Flutter (1.0.0)

DEPENDENCIES:
  - adbrixrm_flutter (from `.symlinks/plugins/adbrixrm_flutter/ios`)
  - Flutter (from `Flutter`)

SPEC REPOS:
  trunk:
    - AdBrixRemastered

EXTERNAL SOURCES:
  adbrixrm_flutter:
    :path: ".symlinks/plugins/adbrixrm_flutter/ios"
  Flutter:
    :path: Flutter

SPEC CHECKSUMS:
  AdBrixRemastered: 1f7ada9f016624ab2c72618ee736894c1665d051
  adbrixrm_flutter: 336a233a2d2a2e3c383c8d53823589569d9acaad
  Flutter: 434fef37c0980e73bb6479ef766c45957d4b510c

PODFILE CHECKSUM: aafe91acc616949ddb318b77800a7f51bffa2a4c

COCOAPODS: 1.10.1
